
Microsoft Visual Studio Solution File, Format Version 12.00
# Visual Studio 15
VisualStudioVersion = 15.0.26730.16
MinimumVisualStudioVersion = 10.0.40219.1
Project("{FAE04EC0-301F-11D3-BF4B-00C04F79EFBC}") = "kiki", "kiki\kiki.csproj", "{8A144370-B65E-4E11-BCF7-CFE182B5760F}"
EndProject
Global
	GlobalSection(SolutionConfigurationPlatforms) = preSolution
		Debug|Any CPU = Debug|Any CPU
		Release|Any CPU = Release|Any CPU
	EndGlobalSection
	GlobalSection(ProjectConfigurationPlatforms) = postSolution
		{8A144370-B65E-4E11-BCF7-CFE182B5760F}.Debug|Any CPU.ActiveCfg = Debug|Any CPU
		{8A144370-B65E-4E11-BCF7-CFE182B5760F}.Debug|Any CPU.Build.0 = Debug|Any CPU
		{8A144370-B65E-4E11-BCF7-CFE182B5760F}.Release|Any CPU.ActiveCfg = Release|Any CPU
		{8A144370-B65E-4E11-BCF7-CFE182B5760F}.Release|Any CPU.Build.0 = Release|Any CPU
	EndGlobalSection
	GlobalSection(SolutionProperties) = preSolution
		HideSolutionNode = FALSE
	EndGlobalSection
	GlobalSection(ExtensibilityGlobals) = postSolution
		SolutionGuid = {A57043CA-DEB0-4BCB-8271-2E55B96D7736}
	EndGlobalSection
EndGlobal
